
Microsoft Visual Studio Solution File, Format Version 12.00
# Visual Studio Version 17
VisualStudioVersion = 17.2.32630.192
MinimumVisualStudioVersion = 10.0.40219.1
Project("{8BC9CEB8-8B4A-11D0-8D11-00A0C91BC942}") = "Correction Q6", "Correction Q6\Correction Q6.vcxproj", "{8EF219CA-17EA-4D8E-BD14-057E3A6FAE9C}"
EndProject
Global
	GlobalSection(SolutionConfigurationPlatforms) = preSolution
		Debug|x64 = Debug|x64
		Debug|x86 = Debug|x86
		Release|x64 = Release|x64
		Release|x86 = Release|x86
	EndGlobalSection
	GlobalSection(ProjectConfigurationPlatforms) = postSolution
		{8EF219CA-17EA-4D8E-BD14-057E3A6FAE9C}.Debug|x64.ActiveCfg = Debug|x64
		{8EF219CA-17EA-4D8E-BD14-057E3A6FAE9C}.Debug|x64.Build.0 = Debug|x64
		{8EF219CA-17EA-4D8E-BD14-057E3A6FAE9C}.Debug|x86.ActiveCfg = Debug|Win32
		{8EF219CA-17EA-4D8E-BD14-057E3A6FAE9C}.Debug|x86.Build.0 = Debug|Win32
		{8EF219CA-17EA-4D8E-BD14-057E3A6FAE9C}.Release|x64.ActiveCfg = Release|x64
		{8EF219CA-17EA-4D8E-BD14-057E3A6FAE9C}.Release|x64.Build.0 = Release|x64
		{8EF219CA-17EA-4D8E-BD14-057E3A6FAE9C}.Release|x86.ActiveCfg = Release|Win32
		{8EF219CA-17EA-4D8E-BD14-057E3A6FAE9C}.Release|x86.Build.0 = Release|Win32
	EndGlobalSection
	GlobalSection(SolutionProperties) = preSolution
		HideSolutionNode = FALSE
	EndGlobalSection
	GlobalSection(ExtensibilityGlobals) = postSolution
		SolutionGuid = {451B422B-DB6A-4255-8044-7F123150C9AD}
	EndGlobalSection
EndGlobal
